
Microsoft Visual Studio Solution File, Format Version 12.00
# Visual Studio 15
VisualStudioVersion = 15.0.27703.2035
MinimumVisualStudioVersion = 10.0.40219.1
Project("{8BC9CEB8-8B4A-11D0-8D11-00A0C91BC942}") = "3835 practice", "3835 practice\3835 practice.vcxproj", "{E57D0EFC-2124-49BD-959D-4F725E64154C}"
EndProject
Global
	GlobalSection(SolutionConfigurationPlatforms) = preSolution
		Debug|x64 = Debug|x64
		Debug|x86 = Debug|x86
		Release|x64 = Release|x64
		Release|x86 = Release|x86
	EndGlobalSection
	GlobalSection(ProjectConfigurationPlatforms) = postSolution
		{E57D0EFC-2124-49BD-959D-4F725E64154C}.Debug|x64.ActiveCfg = Debug|x64
		{E57D0EFC-2124-49BD-959D-4F725E64154C}.Debug|x64.Build.0 = Debug|x64
		{E57D0EFC-2124-49BD-959D-4F725E64154C}.Debug|x86.ActiveCfg = Debug|Win32
		{E57D0EFC-2124-49BD-959D-4F725E64154C}.Debug|x86.Build.0 = Debug|Win32
		{E57D0EFC-2124-49BD-959D-4F725E64154C}.Release|x64.ActiveCfg = Release|x64
		{E57D0EFC-2124-49BD-959D-4F725E64154C}.Release|x64.Build.0 = Release|x64
		{E57D0EFC-2124-49BD-959D-4F725E64154C}.Release|x86.ActiveCfg = Release|Win32
		{E57D0EFC-2124-49BD-959D-4F725E64154C}.Release|x86.Build.0 = Release|Win32
	EndGlobalSection
	GlobalSection(SolutionProperties) = preSolution
		HideSolutionNode = FALSE
	EndGlobalSection
	GlobalSection(ExtensibilityGlobals) = postSolution
		SolutionGuid = {98CB13EE-C33A-4049-9622-7974CCF9DF32}
	EndGlobalSection
EndGlobal
